// !$*UTF8*$!
{
	archiveVersion = 1;
	classes = {
	};
	objectVersion = 56;
	objects = {

		3B26F54C5C8343DEA1D8BBF9 /* 32BrockmanApp.swift in Sources */ = {isa = PBXBuildFile; fileRef = 1D18AE034B564C69AD661AF3 /* 32BrockmanApp.swift */; };

		6E88069B6F6940E7AB30FBB6 /* AppTheme.swift in Sources */ = {isa = PBXBuildFile; fileRef = BBE012B4E204452FB437B129 /* AppTheme.swift */; };

		F9BA6E84D2EC4530A8E0A6E3 /* CryptoHelper.swift in Sources */ = {isa = PBXBuildFile; fileRef = 8CFE26FA3DD14A599E14853E /* CryptoHelper.swift */; };

		F8564A7DACF84E2698E8D550 /* CleaningTask.swift in Sources */ = {isa = PBXBuildFile; fileRef = BE92B86F813B493FADB5B98F /* CleaningTask.swift */; };

		114A81E5B7FB452CB5EACA77 /* Conversation.swift in Sources */ = {isa = PBXBuildFile; fileRef = D3337769F816477CAAD2B18B /* Conversation.swift */; };

		1E50D4D1B17D40AEB25B0BDA /* Message.swift in Sources */ = {isa = PBXBuildFile; fileRef = 9E1AB2A5147F4EA48FEEDB84 /* Message.swift */; };

		D4A0E4DBCBF547D18085D62A /* Post.swift in Sources */ = {isa = PBXBuildFile; fileRef = 5BDAD3BDACEF4E8C97FB7DF3 /* Post.swift */; };

		A89FB6D61A42495AA99B12BC /* Reminder.swift in Sources */ = {isa = PBXBuildFile; fileRef = 879DFA8CCE6C4DB48AB832F0 /* Reminder.swift */; };

		5E810D201B55432E854AD9BA /* User.swift in Sources */ = {isa = PBXBuildFile; fileRef = 0B7735EA28034438AABF2EF5 /* User.swift */; };

		4913FCE35DB340C389D18BFC /* AuthService.swift in Sources */ = {isa = PBXBuildFile; fileRef = A52EC81B07B541D5B06DAEA6 /* AuthService.swift */; };

		B0F5B037415A4EE09910F3F9 /* BackendSync.swift in Sources */ = {isa = PBXBuildFile; fileRef = 1F555EE32B1140CA8E170CCB /* BackendSync.swift */; };

		F6B96B054E67493087B5B04E /* MediaStore.swift in Sources */ = {isa = PBXBuildFile; fileRef = E8A1D1D5FE284821A065739E /* MediaStore.swift */; };

		3AF2E162E6304A81B60E7997 /* NotificationManager.swift in Sources */ = {isa = PBXBuildFile; fileRef = 07FFB8AA73414CE89E2CFE12 /* NotificationManager.swift */; };

		8422422B1B9F41B6BBB54389 /* AdminPanelView.swift in Sources */ = {isa = PBXBuildFile; fileRef = 5611BE7F18074E71AEED66C2 /* AdminPanelView.swift */; };

		7BC7358953C844F2BF8F3E9C /* ChatListView.swift in Sources */ = {isa = PBXBuildFile; fileRef = 6654EDD29D87494C994AC94E /* ChatListView.swift */; };

		7E6540564618497684143242 /* CleaningSchedulerView.swift in Sources */ = {isa = PBXBuildFile; fileRef = 07A902266C2644A3B10152EA /* CleaningSchedulerView.swift */; };

		3230E053710F478A9B066AEC /* Components.swift in Sources */ = {isa = PBXBuildFile; fileRef = D1C9DDCA679F45BEA86BAFCB /* Components.swift */; };

		83125CF894894689A816F17C /* ConversationView.swift in Sources */ = {isa = PBXBuildFile; fileRef = C0A93C06AF254DA5BB9A8D3B /* ConversationView.swift */; };

		6F6BD02A646140C0A91EC64F /* CreatePostView.swift in Sources */ = {isa = PBXBuildFile; fileRef = 7AD11BB283F94C4190CAC9BA /* CreatePostView.swift */; };

		F13CA34D8DAC49E0ACC9E854 /* HomeView.swift in Sources */ = {isa = PBXBuildFile; fileRef = BA5D0B2CAC0046AB8DF03B0A /* HomeView.swift */; };

		92366BFF2ABD4679BC277397 /* LoginView.swift in Sources */ = {isa = PBXBuildFile; fileRef = B30ACFCAA34749989AED20F2 /* LoginView.swift */; };

		1F95C81F342A46E4909B41C1 /* PostsView.swift in Sources */ = {isa = PBXBuildFile; fileRef = ADBE58F54FA04DDCBF93061C /* PostsView.swift */; };

		1B90624366964715B65E4D9A /* RemindersView.swift in Sources */ = {isa = PBXBuildFile; fileRef = A5A1A8B0991D4E0383579BB4 /* RemindersView.swift */; };

		F0978B95636A417DA112E08B /* RootView.swift in Sources */ = {isa = PBXBuildFile; fileRef = 5194EEB132434353AA278674 /* RootView.swift */; };

		16BB92683AA342B18ED0B45A /* TaskEditorView.swift in Sources */ = {isa = PBXBuildFile; fileRef = 48B7D7ED1CE346F7A641C38A /* TaskEditorView.swift */; };

		B7DB542D5DB1423BA0A1482F /* VideoPlayerView.swift in Sources */ = {isa = PBXBuildFile; fileRef = E2C27D951EEC49ACBAE3E711 /* VideoPlayerView.swift */; };

		1D18AE034B564C69AD661AF3 /* 32BrockmanApp.swift */ = {isa = PBXFileReference; lastKnownFileType = sourcecode.swift; path = 32BrockmanApp.swift; sourceTree = "<group>"; };

		BBE012B4E204452FB437B129 /* AppTheme.swift */ = {isa = PBXFileReference; lastKnownFileType = sourcecode.swift; path = AppTheme.swift; sourceTree = "<group>"; };

		8CFE26FA3DD14A599E14853E /* CryptoHelper.swift */ = {isa = PBXFileReference; lastKnownFileType = sourcecode.swift; path = CryptoHelper.swift; sourceTree = "<group>"; };

		BE92B86F813B493FADB5B98F /* CleaningTask.swift */ = {isa = PBXFileReference; lastKnownFileType = sourcecode.swift; path = CleaningTask.swift; sourceTree = "<group>"; };

		D3337769F816477CAAD2B18B /* Conversation.swift */ = {isa = PBXFileReference; lastKnownFileType = sourcecode.swift; path = Conversation.swift; sourceTree = "<group>"; };

		9E1AB2A5147F4EA48FEEDB84 /* Message.swift */ = {isa = PBXFileReference; lastKnownFileType = sourcecode.swift; path = Message.swift; sourceTree = "<group>"; };

		5BDAD3BDACEF4E8C97FB7DF3 /* Post.swift */ = {isa = PBXFileReference; lastKnownFileType = sourcecode.swift; path = Post.swift; sourceTree = "<group>"; };

		879DFA8CCE6C4DB48AB832F0 /* Reminder.swift */ = {isa = PBXFileReference; lastKnownFileType = sourcecode.swift; path = Reminder.swift; sourceTree = "<group>"; };

		0B7735EA28034438AABF2EF5 /* User.swift */ = {isa = PBXFileReference; lastKnownFileType = sourcecode.swift; path = User.swift; sourceTree = "<group>"; };

		A52EC81B07B541D5B06DAEA6 /* AuthService.swift */ = {isa = PBXFileReference; lastKnownFileType = sourcecode.swift; path = AuthService.swift; sourceTree = "<group>"; };

		1F555EE32B1140CA8E170CCB /* BackendSync.swift */ = {isa = PBXFileReference; lastKnownFileType = sourcecode.swift; path = BackendSync.swift; sourceTree = "<group>"; };

		E8A1D1D5FE284821A065739E /* MediaStore.swift */ = {isa = PBXFileReference; lastKnownFileType = sourcecode.swift; path = MediaStore.swift; sourceTree = "<group>"; };

		07FFB8AA73414CE89E2CFE12 /* NotificationManager.swift */ = {isa = PBXFileReference; lastKnownFileType = sourcecode.swift; path = NotificationManager.swift; sourceTree = "<group>"; };

		5611BE7F18074E71AEED66C2 /* AdminPanelView.swift */ = {isa = PBXFileReference; lastKnownFileType = sourcecode.swift; path = AdminPanelView.swift; sourceTree = "<group>"; };

		6654EDD29D87494C994AC94E /* ChatListView.swift */ = {isa = PBXFileReference; lastKnownFileType = sourcecode.swift; path = ChatListView.swift; sourceTree = "<group>"; };

		07A902266C2644A3B10152EA /* CleaningSchedulerView.swift */ = {isa = PBXFileReference; lastKnownFileType = sourcecode.swift; path = CleaningSchedulerView.swift; sourceTree = "<group>"; };

		D1C9DDCA679F45BEA86BAFCB /* Components.swift */ = {isa = PBXFileReference; lastKnownFileType = sourcecode.swift; path = Components.swift; sourceTree = "<group>"; };

		C0A93C06AF254DA5BB9A8D3B /* ConversationView.swift */ = {isa = PBXFileReference; lastKnownFileType = sourcecode.swift; path = ConversationView.swift; sourceTree = "<group>"; };

		7AD11BB283F94C4190CAC9BA /* CreatePostView.swift */ = {isa = PBXFileReference; lastKnownFileType = sourcecode.swift; path = CreatePostView.swift; sourceTree = "<group>"; };

		BA5D0B2CAC0046AB8DF03B0A /* HomeView.swift */ = {isa = PBXFileReference; lastKnownFileType = sourcecode.swift; path = HomeView.swift; sourceTree = "<group>"; };

		B30ACFCAA34749989AED20F2 /* LoginView.swift */ = {isa = PBXFileReference; lastKnownFileType = sourcecode.swift; path = LoginView.swift; sourceTree = "<group>"; };

		ADBE58F54FA04DDCBF93061C /* PostsView.swift */ = {isa = PBXFileReference; lastKnownFileType = sourcecode.swift; path = PostsView.swift; sourceTree = "<group>"; };

		A5A1A8B0991D4E0383579BB4 /* RemindersView.swift */ = {isa = PBXFileReference; lastKnownFileType = sourcecode.swift; path = RemindersView.swift; sourceTree = "<group>"; };

		5194EEB132434353AA278674 /* RootView.swift */ = {isa = PBXFileReference; lastKnownFileType = sourcecode.swift; path = RootView.swift; sourceTree = "<group>"; };

		48B7D7ED1CE346F7A641C38A /* TaskEditorView.swift */ = {isa = PBXFileReference; lastKnownFileType = sourcecode.swift; path = TaskEditorView.swift; sourceTree = "<group>"; };

		E2C27D951EEC49ACBAE3E711 /* VideoPlayerView.swift */ = {isa = PBXFileReference; lastKnownFileType = sourcecode.swift; path = VideoPlayerView.swift; sourceTree = "<group>"; };

		A2FEBC1D861149A48E50938F /* Info.plist */ = {isa = PBXFileReference; lastKnownFileType = text.plist.xml; path = Info.plist; sourceTree = "<group>"; };

		ABB5BBF640154987849DA11E /* 32Brockman.app */ = {isa = PBXFileReference; explicitFileType = wrapper.application; includeInIndex = 0; path = 32Brockman.app; sourceTree = BUILT_PRODUCTS_DIR; };

		D718371981944701A7406101 /* Frameworks */ = {isa = PBXFrameworksBuildPhase; buildActionMask = 2147483647; files = (
		); name = Frameworks; runOnlyForDeploymentPostprocessing = 0; };

		33CF4140DE674D40843D3617 /* Resources */ = {isa = PBXResourcesBuildPhase; buildActionMask = 2147483647; files = (
		); name = Resources; runOnlyForDeploymentPostprocessing = 0; };

		05B4C96957B54F58A2AF7231 /* Sources */ = {isa = PBXSourcesBuildPhase; buildActionMask = 2147483647; files = (
				3B26F54C5C8343DEA1D8BBF9 /* 32BrockmanApp.swift in Sources */,
				6E88069B6F6940E7AB30FBB6 /* AppTheme.swift in Sources */,
				F9BA6E84D2EC4530A8E0A6E3 /* CryptoHelper.swift in Sources */,
				F8564A7DACF84E2698E8D550 /* CleaningTask.swift in Sources */,
				114A81E5B7FB452CB5EACA77 /* Conversation.swift in Sources */,
				1E50D4D1B17D40AEB25B0BDA /* Message.swift in Sources */,
				D4A0E4DBCBF547D18085D62A /* Post.swift in Sources */,
				A89FB6D61A42495AA99B12BC /* Reminder.swift in Sources */,
				5E810D201B55432E854AD9BA /* User.swift in Sources */,
				4913FCE35DB340C389D18BFC /* AuthService.swift in Sources */,
				B0F5B037415A4EE09910F3F9 /* BackendSync.swift in Sources */,
				F6B96B054E67493087B5B04E /* MediaStore.swift in Sources */,
				3AF2E162E6304A81B60E7997 /* NotificationManager.swift in Sources */,
				8422422B1B9F41B6BBB54389 /* AdminPanelView.swift in Sources */,
				7BC7358953C844F2BF8F3E9C /* ChatListView.swift in Sources */,
				7E6540564618497684143242 /* CleaningSchedulerView.swift in Sources */,
				3230E053710F478A9B066AEC /* Components.swift in Sources */,
				83125CF894894689A816F17C /* ConversationView.swift in Sources */,
				6F6BD02A646140C0A91EC64F /* CreatePostView.swift in Sources */,
				F13CA34D8DAC49E0ACC9E854 /* HomeView.swift in Sources */,
				92366BFF2ABD4679BC277397 /* LoginView.swift in Sources */,
				1F95C81F342A46E4909B41C1 /* PostsView.swift in Sources */,
				1B90624366964715B65E4D9A /* RemindersView.swift in Sources */,
				F0978B95636A417DA112E08B /* RootView.swift in Sources */,
				16BB92683AA342B18ED0B45A /* TaskEditorView.swift in Sources */,
				B7DB542D5DB1423BA0A1482F /* VideoPlayerView.swift in Sources */
		); name = Sources; runOnlyForDeploymentPostprocessing = 0; };

		FEF8C76FFBD94E88914D1F5D = {isa = PBXGroup; children = (
				F9B7340904A649F4ADC462B1 /* 32Brockman */,
				41D188F57EE1478B8DB96CDF /* Products */
		); sourceTree = "<group>"; };

		F9B7340904A649F4ADC462B1 /* 32Brockman */ = {isa = PBXGroup; children = (
				FF576867F38A453FA942C9CB /* Models */
				22305C188A6B4428B8F92163 /* Services */
				AA043A646E0245408AAC9374 /* Views */
				A2FEBC1D861149A48E50938F /* Info.plist */
		); path = 32Brockman; sourceTree = "<group>"; };

		FF576867F38A453FA942C9CB /* Models */ = {isa = PBXGroup; children = (

		); path = Models; sourceTree = "<group>"; };

		22305C188A6B4428B8F92163 /* Services */ = {isa = PBXGroup; children = (

		); path = Services; sourceTree = "<group>"; };

		AA043A646E0245408AAC9374 /* Views */ = {isa = PBXGroup; children = (

		); path = Views; sourceTree = "<group>"; };

		41D188F57EE1478B8DB96CDF /* Products */ = {isa = PBXGroup; children = (
				ABB5BBF640154987849DA11E /* 32Brockman.app */
		); name = Products; sourceTree = "<group>"; };

		372D8415F6804327A2C4CD64 /* 32Brockman */ = {isa = PBXNativeTarget; buildConfigurationList = A25B51C9800842C49E1BA785 /* Build configuration list for PBXNativeTarget "32Brockman" */; buildPhases = (
				05B4C96957B54F58A2AF7231 /* Sources */,
				D718371981944701A7406101 /* Frameworks */,
				33CF4140DE674D40843D3617 /* Resources */,
		); buildRules = (
		); dependencies = (
		); name = 32Brockman; productName = 32Brockman; productReference = ABB5BBF640154987849DA11E /* 32Brockman.app */; productType = "com.apple.product-type.application"; };

		574BC01F43C741E99D120F7B /* Project object */ = {isa = PBXProject; attributes = {
				LastSwiftUpdateCheck = 1500;
				LastUpgradeCheck = 1500;
				TargetAttributes = {
					372D8415F6804327A2C4CD64 = {
						CreatedOnToolsVersion = 15.0;
					};
				};
			}; buildConfigurationList = A0BC51C9C7E0499D96516CB8 /* Build configuration list for PBXProject "32Brockman" */; compatibilityVersion = "Xcode 14.0"; developmentRegion = en; hasScannedForEncodings = 0; knownRegions = (
				en,
				Base,
			); mainGroup = FEF8C76FFBD94E88914D1F5D; productRefGroup = 41D188F57EE1478B8DB96CDF /* Products */; projectDirPath = ""; projectRoot = ""; targets = (
				372D8415F6804327A2C4CD64 /* 32Brockman */,
		); };

		DFEC3FAB51F54B8D9F1A2015 /* Debug */ = {isa = XCBuildConfiguration; buildSettings = {
				ALWAYS_SEARCH_USER_PATHS = NO;
				CLANG_ANALYZER_NONNULL = YES;
				CLANG_ANALYZER_NUMBER_OBJECT_CONVERSION = YES_AGGRESSIVE;
				CLANG_CXX_LANGUAGE_STANDARD = "gnu++20";
				CLANG_ENABLE_MODULES = YES;
				CLANG_ENABLE_OBJC_ARC = YES;
				CLANG_ENABLE_OBJC_WEAK = YES;
				CLANG_WARN_BOOL_CONVERSION = YES;
				CLANG_WARN_COMMA = YES;
				CLANG_WARN_CONSTANT_CONVERSION = YES;
				CLANG_WARN_DEPRECATED_OBJC_IMPLEMENTATIONS = YES;
				CLANG_WARN_DIRECT_OBJC_ISA_USAGE = YES_ERROR;
				CLANG_WARN_DOCUMENTATION_COMMENTS = YES;
				CLANG_WARN_EMPTY_BODY = YES;
				CLANG_WARN_ENUM_CONVERSION = YES;
				CLANG_WARN_INFINITE_RECURSION = YES;
				CLANG_WARN_INT_CONVERSION = YES;
				CLANG_WARN_NON_LITERAL_NULL_CONVERSION = YES;
				CLANG_WARN_OBJC_IMPLICIT_RETAIN_SELF = YES;
				CLANG_WARN_OBJC_LITERAL_CONVERSION = YES;
				CLANG_WARN_OBJC_ROOT_CLASS = YES_ERROR;
				CLANG_WARN_QUOTED_INCLUDE_IN_FRAMEWORK_HEADER = YES;
				CLANG_WARN_RANGE_LOOP_ANALYSIS = YES;
				CLANG_WARN_STRICT_PROTOTYPES = YES;
				CLANG_WARN_SUSPICIOUS_MOVE = YES;
				CLANG_WARN_UNGUARDED_AVAILABILITY = YES_AGGRESSIVE;
				CLANG_WARN_UNREACHABLE_CODE = YES;
				CLANG_WARN__DUPLICATE_METHOD_MATCH = YES;
				COPY_PHASE_STRIP = NO;
				DEBUG_INFORMATION_FORMAT = dwarf;
				ENABLE_STRICT_OBJC_MSGSEND = YES;
				ENABLE_TESTABILITY = YES;
				GCC_C_LANGUAGE_STANDARD = gnu17;
				GCC_DYNAMIC_NO_PIC = NO;
				GCC_NO_COMMON_BLOCKS = YES;
				GCC_OPTIMIZATION_LEVEL = 0;
				GCC_PREPROCESSOR_DEFINITIONS = (
					"DEBUG=1",
					"$(inherited)",
				);
				GCC_WARN_64_TO_32_BIT_CONVERSION = YES;
				GCC_WARN_ABOUT_RETURN_TYPE = YES_ERROR;
				GCC_WARN_UNDECLARED_SELECTOR = YES;
				GCC_WARN_UNINITIALIZED_AUTOS = YES_AGGRESSIVE;
				GCC_WARN_UNUSED_FUNCTION = YES;
				GCC_WARN_UNUSED_VARIABLE = YES;
				MTL_ENABLE_DEBUG_INFO = INCLUDE_SOURCE;
				MTL_FAST_MATH = YES;
				ONLY_ACTIVE_ARCH = YES;
				SWIFT_ACTIVE_COMPILATION_CONDITIONS = DEBUG;
				SWIFT_OPTIMIZATION_LEVEL = "-Onone";
		}; name = Debug; };

		66D4DDF23BCA4DE1813D1408 /* Release */ = {isa = XCBuildConfiguration; buildSettings = {
				ALWAYS_SEARCH_USER_PATHS = NO;
				CLANG_ANALYZER_NONNULL = YES;
				CLANG_ANALYZER_NUMBER_OBJECT_CONVERSION = YES_AGGRESSIVE;
				CLANG_CXX_LANGUAGE_STANDARD = "gnu++20";
				CLANG_ENABLE_MODULES = YES;
				CLANG_ENABLE_OBJC_ARC = YES;
				CLANG_ENABLE_OBJC_WEAK = YES;
				CLANG_WARN_BOOL_CONVERSION = YES;
				CLANG_WARN_COMMA = YES;
				CLANG_WARN_CONSTANT_CONVERSION = YES;
				CLANG_WARN_DEPRECATED_OBJC_IMPLEMENTATIONS = YES;
				CLANG_WARN_DIRECT_OBJC_ISA_USAGE = YES_ERROR;
				CLANG_WARN_DOCUMENTATION_COMMENTS = YES;
				CLANG_WARN_EMPTY_BODY = YES;
				CLANG_WARN_ENUM_CONVERSION = YES;
				CLANG_WARN_INFINITE_RECURSION = YES;
				CLANG_WARN_INT_CONVERSION = YES;
				CLANG_WARN_NON_LITERAL_NULL_CONVERSION = YES;
				CLANG_WARN_OBJC_IMPLICIT_RETAIN_SELF = YES;
				CLANG_WARN_OBJC_LITERAL_CONVERSION = YES;
				CLANG_WARN_OBJC_ROOT_CLASS = YES_ERROR;
				CLANG_WARN_QUOTED_INCLUDE_IN_FRAMEWORK_HEADER = YES;
				CLANG_WARN_RANGE_LOOP_ANALYSIS = YES;
				CLANG_WARN_STRICT_PROTOTYPES = YES;
				CLANG_WARN_SUSPICIOUS_MOVE = YES;
				CLANG_WARN_UNGUARDED_AVAILABILITY = YES_AGGRESSIVE;
				CLANG_WARN_UNREACHABLE_CODE = YES;
				CLANG_WARN__DUPLICATE_METHOD_MATCH = YES;
				COPY_PHASE_STRIP = YES;
				DEBUG_INFORMATION_FORMAT = "dwarf-with-dsym";
				ENABLE_STRICT_OBJC_MSGSEND = YES;
				ENABLE_TESTABILITY = YES;
				GCC_C_LANGUAGE_STANDARD = gnu17;
				GCC_DYNAMIC_NO_PIC = YES;
				GCC_NO_COMMON_BLOCKS = YES;
				GCC_OPTIMIZATION_LEVEL = s;
				GCC_PREPROCESSOR_DEFINITIONS = (
					"DEBUG=1",
					"$(inherited)",
				);
				GCC_WARN_64_TO_32_BIT_CONVERSION = YES;
				GCC_WARN_ABOUT_RETURN_TYPE = YES_ERROR;
				GCC_WARN_UNDECLARED_SELECTOR = YES;
				GCC_WARN_UNINITIALIZED_AUTOS = YES_AGGRESSIVE;
				GCC_WARN_UNUSED_FUNCTION = YES;
				GCC_WARN_UNUSED_VARIABLE = YES;
				MTL_ENABLE_DEBUG_INFO = NO;
				MTL_FAST_MATH = YES;
				ONLY_ACTIVE_ARCH = NO;
				SWIFT_ACTIVE_COMPILATION_CONDITIONS = "";
				SWIFT_OPTIMIZATION_LEVEL = "-O";
		}; name = Release; };

		121C81B7DC2F44C19C69CC04 /* Debug */ = {isa = XCBuildConfiguration; buildSettings = {
				ASSETCATALOG_COMPILER_GENERATE_ASSETCATALOGS = YES;
				CODE_SIGN_STYLE = Automatic;
				CURRENT_PROJECT_VERSION = 1;
				ENABLE_BITCODE = NO;
				GENERATE_INFOPLIST_FILE = NO;
				INFOPLIST_FILE = 32Brockman/Info.plist;
				INFOPLIST_KEY_UIApplicationSupportsIndirectInputEvents = YES;
				LD_RUNPATH_SEARCH_PATHS = (
					"$(inherited)",
					"@executable_path/Frameworks",
				);
				MARKETING_VERSION = 1.0;
				PRODUCT_BUNDLE_IDENTIFIER = com.brockman.app;
				PRODUCT_NAME = "$(TARGET_NAME)";
				SWIFT_EMIT_LOC_STRINGS = YES;
				SWIFT_VERSION = 5.0;
				TARGETED_DEVICE_FAMILY = "1,2";
				IPHONEOS_DEPLOYMENT_TARGET = 17.0;
				VERSIONING_SYSTEM = "apple-generic";
		}; name = Debug; };

		D5C40B9E5E79420487199955 /* Release */ = {isa = XCBuildConfiguration; buildSettings = {
				ASSETCATALOG_COMPILER_GENERATE_ASSETCATALOGS = YES;
				CODE_SIGN_STYLE = Automatic;
				CURRENT_PROJECT_VERSION = 1;
				ENABLE_BITCODE = NO;
				GENERATE_INFOPLIST_FILE = NO;
				INFOPLIST_FILE = 32Brockman/Info.plist;
				INFOPLIST_KEY_UIApplicationSupportsIndirectInputEvents = YES;
				LD_RUNPATH_SEARCH_PATHS = (
					"$(inherited)",
					"@executable_path/Frameworks",
				);
				MARKETING_VERSION = 1.0;
				PRODUCT_BUNDLE_IDENTIFIER = com.brockman.app;
				PRODUCT_NAME = "$(TARGET_NAME)";
				SWIFT_EMIT_LOC_STRINGS = YES;
				SWIFT_VERSION = 5.0;
				TARGETED_DEVICE_FAMILY = "1,2";
				IPHONEOS_DEPLOYMENT_TARGET = 17.0;
				VERSIONING_SYSTEM = "apple-generic";
				VALIDATE_PRODUCT = YES;
		}; name = Release; };

		A0BC51C9C7E0499D96516CB8 /* Build configuration list for PBXProject "32Brockman" */ = {isa = XCConfigurationList; buildConfigurations = (
				DFEC3FAB51F54B8D9F1A2015 /* Debug */,
				66D4DDF23BCA4DE1813D1408 /* Release */,
			); defaultConfigurationIsVisible = 0; defaultConfigurationName = Release; };

		A25B51C9800842C49E1BA785 /* Build configuration list for PBXNativeTarget "32Brockman" */ = {isa = XCConfigurationList; buildConfigurations = (
				121C81B7DC2F44C19C69CC04 /* Debug */,
				D5C40B9E5E79420487199955 /* Release */,
			); defaultConfigurationIsVisible = 0; defaultConfigurationName = Release; };

	};
	rootObject = 574BC01F43C741E99D120F7B /* Project object */;
}